{
  "nodes": {
    "fira-code": {
      "flake": false,
      "locked": {
        "lastModified": 1586972058,
        "narHash": "sha256-rMhI9B3QR4IzJNukqoq7iRFIdrfEwMBD/UsNeNq4Q88=",
        "owner": "tonsky",
        "repo": "FiraCode",
        "rev": "e9943d2d631a4558613d7a77c58ed1d3cb790992",
        "type": "github"
      },
      "original": {
        "owner": "tonsky",
        "repo": "FiraCode",
        "rev": "e9943d2d631a4558613d7a77c58ed1d3cb790992",
        "type": "github"
      }
    },
    "flake-compat": {
      "flake": false,
      "locked": {
        "lastModified": 1673956053,
        "narHash": "sha256-4gtG9iQuiKITOjNQQeQIpoIB6b16fm+504Ch3sNKLd8=",
        "owner": "edolstra",
        "repo": "flake-compat",
        "rev": "35bb57c0c8d8b62bbfd284272c928ceb64ddbde9",
        "type": "github"
      },
      "original": {
        "owner": "edolstra",
        "repo": "flake-compat",
        "type": "github"
      }
    },
    "flake-compat_2": {
      "flake": false,
      "locked": {
        "lastModified": 1696426674,
        "narHash": "sha256-kvjfFW7WAETZlt09AgDn1MrtKzP7t90Vf7vypd3OL1U=",
        "owner": "edolstra",
        "repo": "flake-compat",
        "rev": "0f9255e01c2351cc7d116c072cb317785dd33b33",
        "type": "github"
      },
      "original": {
        "owner": "edolstra",
        "repo": "flake-compat",
        "type": "github"
      }
    },
    "flake-utils": {
      "inputs": {
        "systems": "systems"
      },
      "locked": {
        "lastModified": 1710146030,
        "narHash": "sha256-SZ5L6eA7HJ/nmkzGG7/ISclqe6oZdOZTNoesiInkXPQ=",
        "owner": "numtide",
        "repo": "flake-utils",
        "rev": "b1d9ab70662946ef0850d488da1c9019f3a9752a",
        "type": "github"
      },
      "original": {
        "owner": "numtide",
        "repo": "flake-utils",
        "type": "github"
      }
    },
    "flake-utils_2": {
      "inputs": {
        "systems": "systems_2"
      },
      "locked": {
        "lastModified": 1689068808,
        "narHash": "sha256-6ixXo3wt24N/melDWjq70UuHQLxGV8jZvooRanIHXw0=",
        "owner": "numtide",
        "repo": "flake-utils",
        "rev": "919d646de7be200f3bf08cb76ae1f09402b6f9b4",
        "type": "github"
      },
      "original": {
        "owner": "numtide",
        "repo": "flake-utils",
        "type": "github"
      }
    },
    "flake-utils_3": {
      "inputs": {
        "systems": "systems_3"
      },
      "locked": {
        "lastModified": 1710146030,
        "narHash": "sha256-SZ5L6eA7HJ/nmkzGG7/ISclqe6oZdOZTNoesiInkXPQ=",
        "owner": "numtide",
        "repo": "flake-utils",
        "rev": "b1d9ab70662946ef0850d488da1c9019f3a9752a",
        "type": "github"
      },
      "original": {
        "owner": "numtide",
        "repo": "flake-utils",
        "type": "github"
      }
    },
    "fuse-archive-yazi": {
      "flake": false,
      "locked": {
        "lastModified": 1729590058,
        "narHash": "sha256-NXVc8nIGVePExWBX8TtStb7aAUy9kDmf3FxcExKbz5A=",
        "owner": "dawsers",
        "repo": "fuse-archive.yazi",
        "rev": "21363ce30d7745d2ffea61cc22d6d29b6d0fdfbd",
        "type": "github"
      },
      "original": {
        "owner": "dawsers",
        "repo": "fuse-archive.yazi",
        "type": "github"
      }
    },
    "home-manager": {
      "inputs": {
        "nixpkgs": [
          "nixpkgs"
        ]
      },
      "locked": {
        "lastModified": 1732025103,
        "narHash": "sha256-qjEI64RKvDxRyEarY0jTzrZMa8ebezh2DEZmJJrpVdo=",
        "owner": "nix-community",
        "repo": "home-manager",
        "rev": "a46e702093a5c46e192243edbd977d5749e7f294",
        "type": "github"
      },
      "original": {
        "owner": "nix-community",
        "repo": "home-manager",
        "type": "github"
      }
    },
    "iwi-consolas": {
      "inputs": {
        "fira-code": "fira-code",
        "flake-utils": "flake-utils",
        "ligaturizer": "ligaturizer",
        "nixpkgs": [
          "nixpkgs"
        ]
      },
      "locked": {
        "lastModified": 1732119695,
        "narHash": "sha256-Aj5GLTkeLhwbHFC5D5/TxJi0mOuUTrKnr7dyISQksSc=",
        "owner": "iwilare",
        "repo": "iwi-consolas",
        "rev": "bfd5158ec52d9d24e6c4d3c06a10d6c157bd7852",
        "type": "github"
      },
      "original": {
        "owner": "iwilare",
        "repo": "iwi-consolas",
        "type": "github"
      }
    },
    "iwi-dejavu": {
      "inputs": {
        "flake-compat": "flake-compat",
        "flake-utils": "flake-utils_2",
        "nixpkgs": [
          "nixpkgs"
        ]
      },
      "locked": {
        "lastModified": 1732111478,
        "narHash": "sha256-DsmZDcIm9OecRrjpb/gEtueVot5DEPdEdP5csfbr4NA=",
        "owner": "iwilare",
        "repo": "iwi-dejavu",
        "rev": "09bb8ba7429fd658a2c7243081c6bf279bede9b5",
        "type": "github"
      },
      "original": {
        "owner": "iwilare",
        "repo": "iwi-dejavu",
        "type": "github"
      }
    },
    "ligaturizer": {
      "flake": false,
      "locked": {
        "lastModified": 1630768095,
        "narHash": "sha256-89/6xEBybIG9OfeOkwh8bwvQpp8+SOCbUxIlqbdkvqU=",
        "owner": "ToxicFrog",
        "repo": "Ligaturizer",
        "rev": "c4065187a544a8fab40826fc91db1c6180a2d342",
        "type": "github"
      },
      "original": {
        "owner": "ToxicFrog",
        "repo": "Ligaturizer",
        "rev": "c4065187a544a8fab40826fc91db1c6180a2d342",
        "type": "github"
      }
    },
    "nix-vscode-extensions": {
      "inputs": {
        "flake-compat": "flake-compat_2",
        "flake-utils": "flake-utils_3",
        "nixpkgs": [
          "nixpkgs"
        ]
      },
      "locked": {
        "lastModified": 1732067576,
        "narHash": "sha256-rLOjv9vHfZe3ldHdr4zPfdj/oBbpjOSNq0rEMbbC0Zs=",
        "owner": "nix-community",
        "repo": "nix-vscode-extensions",
        "rev": "d12edb63d2550782aff99cf6db8d36d8ffe67275",
        "type": "github"
      },
      "original": {
        "owner": "nix-community",
        "repo": "nix-vscode-extensions",
        "type": "github"
      }
    },
    "nixpkgs": {
      "locked": {
        "lastModified": 1731676054,
        "narHash": "sha256-OZiZ3m8SCMfh3B6bfGC/Bm4x3qc1m2SVEAlkV6iY7Yg=",
        "owner": "nixos",
        "repo": "nixpkgs",
        "rev": "5e4fbfb6b3de1aa2872b76d49fafc942626e2add",
        "type": "github"
      },
      "original": {
        "owner": "nixos",
        "ref": "nixos-unstable",
        "repo": "nixpkgs",
        "type": "github"
      }
    },
    "root": {
      "inputs": {
        "fuse-archive-yazi": "fuse-archive-yazi",
        "home-manager": "home-manager",
        "iwi-consolas": "iwi-consolas",
        "iwi-dejavu": "iwi-dejavu",
        "nix-vscode-extensions": "nix-vscode-extensions",
        "nixpkgs": "nixpkgs",
        "yazi-plugins": "yazi-plugins"
      }
    },
    "systems": {
      "locked": {
        "lastModified": 1681028828,
        "narHash": "sha256-Vy1rq5AaRuLzOxct8nz4T6wlgyUR7zLU309k9mBC768=",
        "owner": "nix-systems",
        "repo": "default",
        "rev": "da67096a3b9bf56a91d16901293e51ba5b49a27e",
        "type": "github"
      },
      "original": {
        "owner": "nix-systems",
        "repo": "default",
        "type": "github"
      }
    },
    "systems_2": {
      "locked": {
        "lastModified": 1681028828,
        "narHash": "sha256-Vy1rq5AaRuLzOxct8nz4T6wlgyUR7zLU309k9mBC768=",
        "owner": "nix-systems",
        "repo": "default",
        "rev": "da67096a3b9bf56a91d16901293e51ba5b49a27e",
        "type": "github"
      },
      "original": {
        "owner": "nix-systems",
        "repo": "default",
        "type": "github"
      }
    },
    "systems_3": {
      "locked": {
        "lastModified": 1681028828,
        "narHash": "sha256-Vy1rq5AaRuLzOxct8nz4T6wlgyUR7zLU309k9mBC768=",
        "owner": "nix-systems",
        "repo": "default",
        "rev": "da67096a3b9bf56a91d16901293e51ba5b49a27e",
        "type": "github"
      },
      "original": {
        "owner": "nix-systems",
        "repo": "default",
        "type": "github"
      }
    },
    "yazi-plugins": {
      "flake": false,
      "locked": {
        "lastModified": 1732364716,
        "narHash": "sha256-OdRs3MLtP/HaPwlO4ygbmmCmLKPPi6TnfQD8umWY+Mw=",
        "owner": "yazi-rs",
        "repo": "plugins",
        "rev": "f1fb6cc1df9d829173b21dbc1e45ea6606a46f98",
        "type": "github"
      },
      "original": {
        "owner": "yazi-rs",
        "repo": "plugins",
        "type": "github"
      }
    }
  },
  "root": "root",
  "version": 7
}
