{
  "nodes": {
    "fira-code": {
      "flake": false,
      "locked": {
        "lastModified": 1586972058,
        "narHash": "sha256-rMhI9B3QR4IzJNukqoq7iRFIdrfEwMBD/UsNeNq4Q88=",
        "owner": "tonsky",
        "repo": "FiraCode",
        "rev": "e9943d2d631a4558613d7a77c58ed1d3cb790992",
        "type": "github"
      },
      "original": {
        "owner": "tonsky",
        "repo": "FiraCode",
        "rev": "e9943d2d631a4558613d7a77c58ed1d3cb790992",
        "type": "github"
      }
    },
    "flake-compat": {
      "flake": false,
      "locked": {
        "lastModified": 1673956053,
        "narHash": "sha256-4gtG9iQuiKITOjNQQeQIpoIB6b16fm+504Ch3sNKLd8=",
        "owner": "edolstra",
        "repo": "flake-compat",
        "rev": "35bb57c0c8d8b62bbfd284272c928ceb64ddbde9",
        "type": "github"
      },
      "original": {
        "owner": "edolstra",
        "repo": "flake-compat",
        "type": "github"
      }
    },
    "flake-utils": {
      "inputs": {
        "systems": "systems"
      },
      "locked": {
        "lastModified": 1710146030,
        "narHash": "sha256-SZ5L6eA7HJ/nmkzGG7/ISclqe6oZdOZTNoesiInkXPQ=",
        "owner": "numtide",
        "repo": "flake-utils",
        "rev": "b1d9ab70662946ef0850d488da1c9019f3a9752a",
        "type": "github"
      },
      "original": {
        "owner": "numtide",
        "repo": "flake-utils",
        "type": "github"
      }
    },
    "flake-utils_2": {
      "inputs": {
        "systems": "systems_2"
      },
      "locked": {
        "lastModified": 1689068808,
        "narHash": "sha256-6ixXo3wt24N/melDWjq70UuHQLxGV8jZvooRanIHXw0=",
        "owner": "numtide",
        "repo": "flake-utils",
        "rev": "919d646de7be200f3bf08cb76ae1f09402b6f9b4",
        "type": "github"
      },
      "original": {
        "owner": "numtide",
        "repo": "flake-utils",
        "type": "github"
      }
    },
    "flake-utils_3": {
      "inputs": {
        "systems": "systems_3"
      },
      "locked": {
        "lastModified": 1731533236,
        "narHash": "sha256-l0KFg5HjrsfsO/JpG+r7fRrqm12kzFHyUHqHCVpMMbI=",
        "owner": "numtide",
        "repo": "flake-utils",
        "rev": "11707dc2f618dd54ca8739b309ec4fc024de578b",
        "type": "github"
      },
      "original": {
        "owner": "numtide",
        "repo": "flake-utils",
        "type": "github"
      }
    },
    "fuse-archive-yazi": {
      "flake": false,
      "locked": {
        "lastModified": 1737367672,
        "narHash": "sha256-xkXNcZm+IroOu0+9/qjmh9c8HODteEJ0+jAVEbTRayg=",
        "owner": "dawsers",
        "repo": "fuse-archive.yazi",
        "rev": "a58327c0073c9f78dc0d7de7da6bb48e90cb7f86",
        "type": "github"
      },
      "original": {
        "owner": "dawsers",
        "repo": "fuse-archive.yazi",
        "type": "github"
      }
    },
    "home-manager": {
      "inputs": {
        "nixpkgs": [
          "nixpkgs"
        ]
      },
      "locked": {
        "lastModified": 1747793476,
        "narHash": "sha256-2qAOSixSrbb9l6MI+SI4zGineOzDcc2dgOOFK9Dx+IY=",
        "owner": "nix-community",
        "repo": "home-manager",
        "rev": "2468b2d35512d093aeb04972a1d8c20a0735793f",
        "type": "github"
      },
      "original": {
        "owner": "nix-community",
        "repo": "home-manager",
        "type": "github"
      }
    },
    "iwi-consolas": {
      "inputs": {
        "fira-code": "fira-code",
        "flake-utils": "flake-utils",
        "ligaturizer": "ligaturizer",
        "nixpkgs": [
          "nixpkgs"
        ]
      },
      "locked": {
        "lastModified": 1732119695,
        "narHash": "sha256-Aj5GLTkeLhwbHFC5D5/TxJi0mOuUTrKnr7dyISQksSc=",
        "ref": "refs/heads/main",
        "rev": "bfd5158ec52d9d24e6c4d3c06a10d6c157bd7852",
        "revCount": 3,
        "type": "git",
        "url": "ssh://git@github.com/iwilare/iwi-consolas"
      },
      "original": {
        "type": "git",
        "url": "ssh://git@github.com/iwilare/iwi-consolas"
      }
    },
    "iwi-dejavu": {
      "inputs": {
        "flake-compat": "flake-compat",
        "flake-utils": "flake-utils_2",
        "nixpkgs": [
          "nixpkgs"
        ]
      },
      "locked": {
        "lastModified": 1732111478,
        "narHash": "sha256-DsmZDcIm9OecRrjpb/gEtueVot5DEPdEdP5csfbr4NA=",
        "owner": "iwilare",
        "repo": "iwi-dejavu",
        "rev": "09bb8ba7429fd658a2c7243081c6bf279bede9b5",
        "type": "github"
      },
      "original": {
        "owner": "iwilare",
        "repo": "iwi-dejavu",
        "type": "github"
      }
    },
    "ligaturizer": {
      "flake": false,
      "locked": {
        "lastModified": 1630768095,
        "narHash": "sha256-89/6xEBybIG9OfeOkwh8bwvQpp8+SOCbUxIlqbdkvqU=",
        "owner": "ToxicFrog",
        "repo": "Ligaturizer",
        "rev": "c4065187a544a8fab40826fc91db1c6180a2d342",
        "type": "github"
      },
      "original": {
        "owner": "ToxicFrog",
        "repo": "Ligaturizer",
        "rev": "c4065187a544a8fab40826fc91db1c6180a2d342",
        "type": "github"
      }
    },
    "material-fox-updated": {
      "flake": false,
      "locked": {
        "lastModified": 1747541216,
        "narHash": "sha256-74RE5IWzYIl62Y67sR1WeJD9HZRYf8JpSCmHdj03KtE=",
        "type": "tarball",
        "url": "https://github.com/edelvarden/material-fox-updated/releases/download/v2.0.0/chrome.zip"
      },
      "original": {
        "type": "tarball",
        "url": "https://github.com/edelvarden/material-fox-updated/releases/download/v2.0.0/chrome.zip"
      }
    },
    "nix-vscode-extensions": {
      "inputs": {
        "flake-utils": "flake-utils_3",
        "nixpkgs": [
          "nixpkgs"
        ]
      },
      "locked": {
        "lastModified": 1747792810,
        "narHash": "sha256-manhegvHyeFIEI9+IMp0L/OxeDvk1O2qdb+KjMnkM78=",
        "owner": "nix-community",
        "repo": "nix-vscode-extensions",
        "rev": "fb28e3221f0c052e94d956f44bbbc88ff4a8bbec",
        "type": "github"
      },
      "original": {
        "owner": "nix-community",
        "repo": "nix-vscode-extensions",
        "type": "github"
      }
    },
    "nixpkgs": {
      "locked": {
        "lastModified": 1747744144,
        "narHash": "sha256-W7lqHp0qZiENCDwUZ5EX/lNhxjMdNapFnbErcbnP11Q=",
        "owner": "nixos",
        "repo": "nixpkgs",
        "rev": "2795c506fe8fb7b03c36ccb51f75b6df0ab2553f",
        "type": "github"
      },
      "original": {
        "owner": "nixos",
        "ref": "nixos-unstable",
        "repo": "nixpkgs",
        "type": "github"
      }
    },
    "root": {
      "inputs": {
        "fuse-archive-yazi": "fuse-archive-yazi",
        "home-manager": "home-manager",
        "iwi-consolas": "iwi-consolas",
        "iwi-dejavu": "iwi-dejavu",
        "material-fox-updated": "material-fox-updated",
        "nix-vscode-extensions": "nix-vscode-extensions",
        "nixpkgs": "nixpkgs",
        "yazi-plugins": "yazi-plugins"
      }
    },
    "systems": {
      "locked": {
        "lastModified": 1681028828,
        "narHash": "sha256-Vy1rq5AaRuLzOxct8nz4T6wlgyUR7zLU309k9mBC768=",
        "owner": "nix-systems",
        "repo": "default",
        "rev": "da67096a3b9bf56a91d16901293e51ba5b49a27e",
        "type": "github"
      },
      "original": {
        "owner": "nix-systems",
        "repo": "default",
        "type": "github"
      }
    },
    "systems_2": {
      "locked": {
        "lastModified": 1681028828,
        "narHash": "sha256-Vy1rq5AaRuLzOxct8nz4T6wlgyUR7zLU309k9mBC768=",
        "owner": "nix-systems",
        "repo": "default",
        "rev": "da67096a3b9bf56a91d16901293e51ba5b49a27e",
        "type": "github"
      },
      "original": {
        "owner": "nix-systems",
        "repo": "default",
        "type": "github"
      }
    },
    "systems_3": {
      "locked": {
        "lastModified": 1681028828,
        "narHash": "sha256-Vy1rq5AaRuLzOxct8nz4T6wlgyUR7zLU309k9mBC768=",
        "owner": "nix-systems",
        "repo": "default",
        "rev": "da67096a3b9bf56a91d16901293e51ba5b49a27e",
        "type": "github"
      },
      "original": {
        "owner": "nix-systems",
        "repo": "default",
        "type": "github"
      }
    },
    "yazi-plugins": {
      "flake": false,
      "locked": {
        "lastModified": 1746940873,
        "narHash": "sha256-v/C+ZBrF1ghDt1SXpZcDELmHMVAqfr44iWxzUWynyRk=",
        "owner": "yazi-rs",
        "repo": "plugins",
        "rev": "55bf6996ada3df4cbad331ce3be0c1090769fc7c",
        "type": "github"
      },
      "original": {
        "owner": "yazi-rs",
        "repo": "plugins",
        "type": "github"
      }
    }
  },
  "root": "root",
  "version": 7
}
